
Microsoft Visual Studio Solution File, Format Version 12.00
# Visual Studio Version 17
VisualStudioVersion = 17.11.35312.102
MinimumVisualStudioVersion = 10.0.40219.1
Project("{FAE04EC0-301F-11D3-BF4B-00C04F79EFBC}") = "DefectStudio", "DefectStudio.csproj", "{A45D6CB7-BDC9-4871-BEA5-E64C3AFE926C}"
EndProject
Global
	GlobalSection(SolutionConfigurationPlatforms) = preSolution
		Debug|Any CPU = Debug|Any CPU
		Release|Any CPU = Release|Any CPU
	EndGlobalSection
	GlobalSection(ProjectConfigurationPlatforms) = postSolution
		{A45D6CB7-BDC9-4871-BEA5-E64C3AFE926C}.Debug|Any CPU.ActiveCfg = Debug|Any CPU
		{A45D6CB7-BDC9-4871-BEA5-E64C3AFE926C}.Debug|Any CPU.Build.0 = Debug|Any CPU
		{A45D6CB7-BDC9-4871-BEA5-E64C3AFE926C}.Release|Any CPU.ActiveCfg = Release|Any CPU
		{A45D6CB7-BDC9-4871-BEA5-E64C3AFE926C}.Release|Any CPU.Build.0 = Release|Any CPU
	EndGlobalSection
	GlobalSection(SolutionProperties) = preSolution
		HideSolutionNode = FALSE
	EndGlobalSection
	GlobalSection(ExtensibilityGlobals) = postSolution
		SolutionGuid = {1DF63259-8A07-4AA8-8827-2ACB2A37C6B4}
	EndGlobalSection
EndGlobal
